github.com/imfing/hextra v0.12.1 h1:3t1n0bmJbDzSTVfht93UDcfF1BXMRjeFojA071ri2l8=
github.com/imfing/hextra v0.12.1/go.mod h1:vi+yhpq8YPp/aghvJlNKVnJKcPJ/VyAEcfC1BSV9ARo=
github.com/oer-particle-physics/hugo-styles v0.0.0-20260411235411-4e6a2e6250de h1:Z45VYQgznoQyuV4ucON9xiv/Sy5hBPBrhAETdihuJKk=
github.com/oer-particle-physics/hugo-styles v0.0.0-20260411235411-4e6a2e6250de/go.mod h1:xqFkY9oxqm13s30BQewyVS4xD5QUpJi8bbsxlUJHiPc=
